// !$*UTF8*$!
{
	archiveVersion = 1;
	classes = {
	};
	objectVersion = 46;
	objects = {

/* Begin PBXBuildFile section */
		A02977AA1D14BF1C00F3C34B /* main.m in Sources */ = {isa = PBXBuildFile; fileRef = A02977A91D14BF1C00F3C34B /* main.m */; };
		A02977AD1D14BF1C00F3C34B /* AppDelegate.m in Sources */ = {isa = PBXBuildFile; fileRef = A02977AC1D14BF1C00F3C34B /* AppDelegate.m */; };
		A02977B01D14BF1C00F3C34B /* Start.m in Sources */ = {isa = PBXBuildFile; fileRef = A02977AF1D14BF1C00F3C34B /* Start.m */; };
		A02977B31D14BF1C00F3C34B /* Main.storyboard in Resources */ = {isa = PBXBuildFile; fileRef = A02977B11D14BF1C00F3C34B /* Main.storyboard */; };
		A02977B61D14BF1C00F3C34B /* IntroTable.xcdatamodeld in Sources */ = {isa = PBXBuildFile; fileRef = A02977B41D14BF1C00F3C34B /* IntroTable.xcdatamodeld */; };
		A02977B81D14BF1C00F3C34B /* Assets.xcassets in Resources */ = {isa = PBXBuildFile; fileRef = A02977B71D14BF1C00F3C34B /* Assets.xcassets */; };
		A02977BB1D14BF1C00F3C34B /* LaunchScreen.storyboard in Resources */ = {isa = PBXBuildFile; fileRef = A02977B91D14BF1C00F3C34B /* LaunchScreen.storyboard */; };
		A02977C51D14C29500F3C34B /* Intro.m in Sources */ = {isa = PBXBuildFile; fileRef = A02977C41D14C29500F3C34B /* Intro.m */; };
		A02977C91D14C3A300F3C34B /* Declarations.m in Sources */ = {isa = PBXBuildFile; fileRef = A02977C81D14C3A300F3C34B /* Declarations.m */; };
		A02977DD1D14CFFC00F3C34B /* avengers.jpg in Resources */ = {isa = PBXBuildFile; fileRef = A02977DA1D14CFFC00F3C34B /* avengers.jpg */; };
		A02977DE1D14CFFC00F3C34B /* iphone.png in Resources */ = {isa = PBXBuildFile; fileRef = A02977DB1D14CFFC00F3C34B /* iphone.png */; };
		A02977DF1D14CFFC00F3C34B /* summer.png in Resources */ = {isa = PBXBuildFile; fileRef = A02977DC1D14CFFC00F3C34B /* summer.png */; };
		A02977E21D14D31E00F3C34B /* Home.m in Sources */ = {isa = PBXBuildFile; fileRef = A02977E11D14D31E00F3C34B /* Home.m */; };
/* End PBXBuildFile section */

/* Begin PBXFileReference section */
		A02977A51D14BF1C00F3C34B /* IntroTable.app */ = {isa = PBXFileReference; explicitFileType = wrapper.application; includeInIndex = 0; path = IntroTable.app; sourceTree = BUILT_PRODUCTS_DIR; };
		A02977A91D14BF1C00F3C34B /* main.m */ = {isa = PBXFileReference; lastKnownFileType = sourcecode.c.objc; path = main.m; sourceTree = "<group>"; };
		A02977AB1D14BF1C00F3C34B /* AppDelegate.h */ = {isa = PBXFileReference; lastKnownFileType = sourcecode.c.h; path = AppDelegate.h; sourceTree = "<group>"; };
		A02977AC1D14BF1C00F3C34B /* AppDelegate.m */ = {isa = PBXFileReference; lastKnownFileType = sourcecode.c.objc; path = AppDelegate.m; sourceTree = "<group>"; };
		A02977AE1D14BF1C00F3C34B /* Start.h */ = {isa = PBXFileReference; lastKnownFileType = sourcecode.c.h; path = Start.h; sourceTree = "<group>"; };
		A02977AF1D14BF1C00F3C34B /* Start.m */ = {isa = PBXFileReference; lastKnownFileType = sourcecode.c.objc; path = Start.m; sourceTree = "<group>"; };
		A02977B21D14BF1C00F3C34B /* Base */ = {isa = PBXFileReference; lastKnownFileType = file.storyboard; name = Base; path = Base.lproj/Main.storyboard; sourceTree = "<group>"; };
		A02977B51D14BF1C00F3C34B /* IntroTable.xcdatamodel */ = {isa = PBXFileReference; lastKnownFileType = wrapper.xcdatamodel; path = IntroTable.xcdatamodel; sourceTree = "<group>"; };
		A02977B71D14BF1C00F3C34B /* Assets.xcassets */ = {isa = PBXFileReference; lastKnownFileType = folder.assetcatalog; path = Assets.xcassets; sourceTree = "<group>"; };
		A02977BA1D14BF1C00F3C34B /* Base */ = {isa = PBXFileReference; lastKnownFileType = file.storyboard; name = Base; path = Base.lproj/LaunchScreen.storyboard; sourceTree = "<group>"; };
		A02977BC1D14BF1C00F3C34B /* Info.plist */ = {isa = PBXFileReference; lastKnownFileType = text.plist.xml; path = Info.plist; sourceTree = "<group>"; };
		A02977C31D14C29500F3C34B /* Intro.h */ = {isa = PBXFileReference; fileEncoding = 4; lastKnownFileType = sourcecode.c.h; path = Intro.h; sourceTree = "<group>"; };
		A02977C41D14C29500F3C34B /* Intro.m */ = {isa = PBXFileReference; fileEncoding = 4; lastKnownFileType = sourcecode.c.objc; path = Intro.m; sourceTree = "<group>"; };
		A02977C71D14C3A300F3C34B /* Declarations.h */ = {isa = PBXFileReference; fileEncoding = 4; lastKnownFileType = sourcecode.c.h; path = Declarations.h; sourceTree = "<group>"; };
		A02977C81D14C3A300F3C34B /* Declarations.m */ = {isa = PBXFileReference; fileEncoding = 4; lastKnownFileType = sourcecode.c.objc; path = Declarations.m; sourceTree = "<group>"; };
		A02977DA1D14CFFC00F3C34B /* avengers.jpg */ = {isa = PBXFileReference; lastKnownFileType = image.jpeg; path = avengers.jpg; sourceTree = "<group>"; };
		A02977DB1D14CFFC00F3C34B /* iphone.png */ = {isa = PBXFileReference; lastKnownFileType = image.png; path = iphone.png; sourceTree = "<group>"; };
		A02977DC1D14CFFC00F3C34B /* summer.png */ = {isa = PBXFileReference; lastKnownFileType = image.png; path = summer.png; sourceTree = "<group>"; };
		A02977E01D14D31E00F3C34B /* Home.h */ = {isa = PBXFileReference; fileEncoding = 4; lastKnownFileType = sourcecode.c.h; path = Home.h; sourceTree = "<group>"; };
		A02977E11D14D31E00F3C34B /* Home.m */ = {isa = PBXFileReference; fileEncoding = 4; lastKnownFileType = sourcecode.c.objc; path = Home.m; sourceTree = "<group>"; };
/* End PBXFileReference section */

/* Begin PBXFrameworksBuildPhase section */
		A02977A21D14BF1B00F3C34B /* Frameworks */ = {
			isa = PBXFrameworksBuildPhase;
			buildActionMask = 2147483647;
			files = (
			);
			runOnlyForDeploymentPostprocessing = 0;
		};
/* End PBXFrameworksBuildPhase section */

/* Begin PBXGroup section */
		A029779C1D14BF1B00F3C34B = {
			isa = PBXGroup;
			children = (
				A02977A71D14BF1C00F3C34B /* IntroTable */,
				A02977A61D14BF1C00F3C34B /* Products */,
			);
			sourceTree = "<group>";
		};
		A02977A61D14BF1C00F3C34B /* Products */ = {
			isa = PBXGroup;
			children = (
				A02977A51D14BF1C00F3C34B /* IntroTable.app */,
			);
			name = Products;
			sourceTree = "<group>";
		};
		A02977A71D14BF1C00F3C34B /* IntroTable */ = {
			isa = PBXGroup;
			children = (
				A02977D91D14CFFC00F3C34B /* imgs */,
				A02977C21D14BF3900F3C34B /* Controllers */,
				A02977C61D14C35D00F3C34B /* Main */,
				A02977B11D14BF1C00F3C34B /* Main.storyboard */,
				A02977B71D14BF1C00F3C34B /* Assets.xcassets */,
				A02977B91D14BF1C00F3C34B /* LaunchScreen.storyboard */,
				A02977BC1D14BF1C00F3C34B /* Info.plist */,
				A02977B41D14BF1C00F3C34B /* IntroTable.xcdatamodeld */,
				A02977A81D14BF1C00F3C34B /* Supporting Files */,
			);
			path = IntroTable;
			sourceTree = "<group>";
		};
		A02977A81D14BF1C00F3C34B /* Supporting Files */ = {
			isa = PBXGroup;
			children = (
				A02977A91D14BF1C00F3C34B /* main.m */,
			);
			name = "Supporting Files";
			sourceTree = "<group>";
		};
		A02977C21D14BF3900F3C34B /* Controllers */ = {
			isa = PBXGroup;
			children = (
				A02977AE1D14BF1C00F3C34B /* Start.h */,
				A02977AF1D14BF1C00F3C34B /* Start.m */,
				A02977C31D14C29500F3C34B /* Intro.h */,
				A02977C41D14C29500F3C34B /* Intro.m */,
				A02977E01D14D31E00F3C34B /* Home.h */,
				A02977E11D14D31E00F3C34B /* Home.m */,
			);
			name = Controllers;
			sourceTree = "<group>";
		};
		A02977C61D14C35D00F3C34B /* Main */ = {
			isa = PBXGroup;
			children = (
				A02977AB1D14BF1C00F3C34B /* AppDelegate.h */,
				A02977AC1D14BF1C00F3C34B /* AppDelegate.m */,
				A02977C71D14C3A300F3C34B /* Declarations.h */,
				A02977C81D14C3A300F3C34B /* Declarations.m */,
			);
			name = Main;
			sourceTree = "<group>";
		};
		A02977D91D14CFFC00F3C34B /* imgs */ = {
			isa = PBXGroup;
			children = (
				A02977DA1D14CFFC00F3C34B /* avengers.jpg */,
				A02977DB1D14CFFC00F3C34B /* iphone.png */,
				A02977DC1D14CFFC00F3C34B /* summer.png */,
			);
			path = imgs;
			sourceTree = "<group>";
		};
/* End PBXGroup section */

/* Begin PBXNativeTarget section */
		A02977A41D14BF1B00F3C34B /* IntroTable */ = {
			isa = PBXNativeTarget;
			buildConfigurationList = A02977BF1D14BF1C00F3C34B /* Build configuration list for PBXNativeTarget "IntroTable" */;
			buildPhases = (
				A02977A11D14BF1B00F3C34B /* Sources */,
				A02977A21D14BF1B00F3C34B /* Frameworks */,
				A02977A31D14BF1B00F3C34B /* Resources */,
			);
			buildRules = (
			);
			dependencies = (
			);
			name = IntroTable;
			productName = IntroTable;
			productReference = A02977A51D14BF1C00F3C34B /* IntroTable.app */;
			productType = "com.apple.product-type.application";
		};
/* End PBXNativeTarget section */

/* Begin PBXProject section */
		A029779D1D14BF1B00F3C34B /* Project object */ = {
			isa = PBXProject;
			attributes = {
				LastUpgradeCheck = 0730;
				ORGANIZATIONNAME = "Luis de Jesus Martin Castillo";
				TargetAttributes = {
					A02977A41D14BF1B00F3C34B = {
						CreatedOnToolsVersion = 7.3.1;
						DevelopmentTeam = G4BTYN7N43;
					};
				};
			};
			buildConfigurationList = A02977A01D14BF1B00F3C34B /* Build configuration list for PBXProject "IntroTable" */;
			compatibilityVersion = "Xcode 3.2";
			developmentRegion = English;
			hasScannedForEncodings = 0;
			knownRegions = (
				en,
				Base,
			);
			mainGroup = A029779C1D14BF1B00F3C34B;
			productRefGroup = A02977A61D14BF1C00F3C34B /* Products */;
			projectDirPath = "";
			projectRoot = "";
			targets = (
				A02977A41D14BF1B00F3C34B /* IntroTable */,
			);
		};
/* End PBXProject section */

/* Begin PBXResourcesBuildPhase section */
		A02977A31D14BF1B00F3C34B /* Resources */ = {
			isa = PBXResourcesBuildPhase;
			buildActionMask = 2147483647;
			files = (
				A02977DF1D14CFFC00F3C34B /* summer.png in Resources */,
				A02977BB1D14BF1C00F3C34B /* LaunchScreen.storyboard in Resources */,
				A02977B81D14BF1C00F3C34B /* Assets.xcassets in Resources */,
				A02977DE1D14CFFC00F3C34B /* iphone.png in Resources */,
				A02977DD1D14CFFC00F3C34B /* avengers.jpg in Resources */,
				A02977B31D14BF1C00F3C34B /* Main.storyboard in Resources */,
			);
			runOnlyForDeploymentPostprocessing = 0;
		};
/* End PBXResourcesBuildPhase section */

/* Begin PBXSourcesBuildPhase section */
		A02977A11D14BF1B00F3C34B /* Sources */ = {
			isa = PBXSourcesBuildPhase;
			buildActionMask = 2147483647;
			files = (
				A02977C51D14C29500F3C34B /* Intro.m in Sources */,
				A02977B01D14BF1C00F3C34B /* Start.m in Sources */,
				A02977C91D14C3A300F3C34B /* Declarations.m in Sources */,
				A02977AD1D14BF1C00F3C34B /* AppDelegate.m in Sources */,
				A02977AA1D14BF1C00F3C34B /* main.m in Sources */,
				A02977E21D14D31E00F3C34B /* Home.m in Sources */,
				A02977B61D14BF1C00F3C34B /* IntroTable.xcdatamodeld in Sources */,
			);
			runOnlyForDeploymentPostprocessing = 0;
		};
/* End PBXSourcesBuildPhase section */

/* Begin PBXVariantGroup section */
		A02977B11D14BF1C00F3C34B /* Main.storyboard */ = {
			isa = PBXVariantGroup;
			children = (
				A02977B21D14BF1C00F3C34B /* Base */,
			);
			name = Main.storyboard;
			sourceTree = "<group>";
		};
		A02977B91D14BF1C00F3C34B /* LaunchScreen.storyboard */ = {
			isa = PBXVariantGroup;
			children = (
				A02977BA1D14BF1C00F3C34B /* Base */,
			);
			name = LaunchScreen.storyboard;
			sourceTree = "<group>";
		};
/* End PBXVariantGroup section */

/* Begin XCBuildConfiguration section */
		A02977BD1D14BF1C00F3C34B /* Debug */ = {
			isa = XCBuildConfiguration;
			buildSettings = {
				ALWAYS_SEARCH_USER_PATHS = NO;
				CLANG_ANALYZER_NONNULL = YES;
				CLANG_CXX_LANGUAGE_STANDARD = "gnu++0x";
				CLANG_CXX_LIBRARY = "libc++";
				CLANG_ENABLE_MODULES = YES;
				CLANG_ENABLE_OBJC_ARC = YES;
				CLANG_WARN_BOOL_CONVERSION = YES;
				CLANG_WARN_CONSTANT_CONVERSION = YES;
				CLANG_WARN_DIRECT_OBJC_ISA_USAGE = YES_ERROR;
				CLANG_WARN_EMPTY_BODY = YES;
				CLANG_WARN_ENUM_CONVERSION = YES;
				CLANG_WARN_INT_CONVERSION = YES;
				CLANG_WARN_OBJC_ROOT_CLASS = YES_ERROR;
				CLANG_WARN_UNREACHABLE_CODE = YES;
				CLANG_WARN__DUPLICATE_METHOD_MATCH = YES;
				"CODE_SIGN_IDENTITY[sdk=iphoneos*]" = "iPhone Developer";
				COPY_PHASE_STRIP = NO;
				DEBUG_INFORMATION_FORMAT = dwarf;
				ENABLE_STRICT_OBJC_MSGSEND = YES;
				ENABLE_TESTABILITY = YES;
				GCC_C_LANGUAGE_STANDARD = gnu99;
				GCC_DYNAMIC_NO_PIC = NO;
				GCC_NO_COMMON_BLOCKS = YES;
				GCC_OPTIMIZATION_LEVEL = 0;
				GCC_PREPROCESSOR_DEFINITIONS = (
					"DEBUG=1",
					"$(inherited)",
				);
				GCC_WARN_64_TO_32_BIT_CONVERSION = YES;
				GCC_WARN_ABOUT_RETURN_TYPE = YES_ERROR;
				GCC_WARN_UNDECLARED_SELECTOR = YES;
				GCC_WARN_UNINITIALIZED_AUTOS = YES_AGGRESSIVE;
				GCC_WARN_UNUSED_FUNCTION = YES;
				GCC_WARN_UNUSED_VARIABLE = YES;
				IPHONEOS_DEPLOYMENT_TARGET = 9.3;
				MTL_ENABLE_DEBUG_INFO = YES;
				ONLY_ACTIVE_ARCH = YES;
				SDKROOT = iphoneos;
			};
			name = Debug;
		};
		A02977BE1D14BF1C00F3C34B /* Release */ = {
			isa = XCBuildConfiguration;
			buildSettings = {
				ALWAYS_SEARCH_USER_PATHS = NO;
				CLANG_ANALYZER_NONNULL = YES;
				CLANG_CXX_LANGUAGE_STANDARD = "gnu++0x";
				CLANG_CXX_LIBRARY = "libc++";
				CLANG_ENABLE_MODULES = YES;
				CLANG_ENABLE_OBJC_ARC = YES;
				CLANG_WARN_BOOL_CONVERSION = YES;
				CLANG_WARN_CONSTANT_CONVERSION = YES;
				CLANG_WARN_DIRECT_OBJC_ISA_USAGE = YES_ERROR;
				CLANG_WARN_EMPTY_BODY = YES;
				CLANG_WARN_ENUM_CONVERSION = YES;
				CLANG_WARN_INT_CONVERSION = YES;
				CLANG_WARN_OBJC_ROOT_CLASS = YES_ERROR;
				CLANG_WARN_UNREACHABLE_CODE = YES;
				CLANG_WARN__DUPLICATE_METHOD_MATCH = YES;
				"CODE_SIGN_IDENTITY[sdk=iphoneos*]" = "iPhone Developer";
				COPY_PHASE_STRIP = NO;
				DEBUG_INFORMATION_FORMAT = "dwarf-with-dsym";
				ENABLE_NS_ASSERTIONS = NO;
				ENABLE_STRICT_OBJC_MSGSEND = YES;
				GCC_C_LANGUAGE_STANDARD = gnu99;
				GCC_NO_COMMON_BLOCKS = YES;
				GCC_WARN_64_TO_32_BIT_CONVERSION = YES;
				GCC_WARN_ABOUT_RETURN_TYPE = YES_ERROR;
				GCC_WARN_UNDECLARED_SELECTOR = YES;
				GCC_WARN_UNINITIALIZED_AUTOS = YES_AGGRESSIVE;
				GCC_WARN_UNUSED_FUNCTION = YES;
				GCC_WARN_UNUSED_VARIABLE = YES;
				IPHONEOS_DEPLOYMENT_TARGET = 9.3;
				MTL_ENABLE_DEBUG_INFO = NO;
				SDKROOT = iphoneos;
				VALIDATE_PRODUCT = YES;
			};
			name = Release;
		};
		A02977C01D14BF1C00F3C34B /* Debug */ = {
			isa = XCBuildConfiguration;
			buildSettings = {
				ASSETCATALOG_COMPILER_APPICON_NAME = AppIcon;
				CODE_SIGN_IDENTITY = "iPhone Developer";
				"CODE_SIGN_IDENTITY[sdk=iphoneos*]" = "iPhone Developer";
				INFOPLIST_FILE = IntroTable/Info.plist;
				LD_RUNPATH_SEARCH_PATHS = "$(inherited) @executable_path/Frameworks";
				PRODUCT_BUNDLE_IDENTIFIER = com.ljmc.IntroTable;
				PRODUCT_NAME = "$(TARGET_NAME)";
				PROVISIONING_PROFILE = "";
			};
			name = Debug;
		};
		A02977C11D14BF1C00F3C34B /* Release */ = {
			isa = XCBuildConfiguration;
			buildSettings = {
				ASSETCATALOG_COMPILER_APPICON_NAME = AppIcon;
				CODE_SIGN_IDENTITY = "iPhone Developer";
				"CODE_SIGN_IDENTITY[sdk=iphoneos*]" = "iPhone Developer";
				INFOPLIST_FILE = IntroTable/Info.plist;
				LD_RUNPATH_SEARCH_PATHS = "$(inherited) @executable_path/Frameworks";
				PRODUCT_BUNDLE_IDENTIFIER = com.ljmc.IntroTable;
				PRODUCT_NAME = "$(TARGET_NAME)";
				PROVISIONING_PROFILE = "";
			};
			name = Release;
		};
/* End XCBuildConfiguration section */

/* Begin XCConfigurationList section */
		A02977A01D14BF1B00F3C34B /* Build configuration list for PBXProject "IntroTable" */ = {
			isa = XCConfigurationList;
			buildConfigurations = (
				A02977BD1D14BF1C00F3C34B /* Debug */,
				A02977BE1D14BF1C00F3C34B /* Release */,
			);
			defaultConfigurationIsVisible = 0;
			defaultConfigurationName = Release;
		};
		A02977BF1D14BF1C00F3C34B /* Build configuration list for PBXNativeTarget "IntroTable" */ = {
			isa = XCConfigurationList;
			buildConfigurations = (
				A02977C01D14BF1C00F3C34B /* Debug */,
				A02977C11D14BF1C00F3C34B /* Release */,
			);
			defaultConfigurationIsVisible = 0;
		};
/* End XCConfigurationList section */

/* Begin XCVersionGroup section */
		A02977B41D14BF1C00F3C34B /* IntroTable.xcdatamodeld */ = {
			isa = XCVersionGroup;
			children = (
				A02977B51D14BF1C00F3C34B /* IntroTable.xcdatamodel */,
			);
			currentVersion = A02977B51D14BF1C00F3C34B /* IntroTable.xcdatamodel */;
			path = IntroTable.xcdatamodeld;
			sourceTree = "<group>";
			versionGroupType = wrapper.xcdatamodel;
		};
/* End XCVersionGroup section */
	};
	rootObject = A029779D1D14BF1B00F3C34B /* Project object */;
}
